
Microsoft Visual Studio Solution File, Format Version 12.00
# Visual Studio Version 16
VisualStudioVersion = 16.0.30907.101
MinimumVisualStudioVersion = 10.0.40219.1
Project("{FAE04EC0-301F-11D3-BF4B-00C04F79EFBC}") = "SharedSource-ClassLibrary", "SharedSource-ClassLibrary.csproj", "{7C4CAC38-FCB9-44A9-B322-9DD0FCF404CD}"
EndProject
Global
	GlobalSection(SolutionConfigurationPlatforms) = preSolution
		Debug|Any CPU = Debug|Any CPU
		Release|Any CPU = Release|Any CPU
	EndGlobalSection
	GlobalSection(ProjectConfigurationPlatforms) = postSolution
		{7C4CAC38-FCB9-44A9-B322-9DD0FCF404CD}.Debug|Any CPU.ActiveCfg = Debug|Any CPU
		{7C4CAC38-FCB9-44A9-B322-9DD0FCF404CD}.Debug|Any CPU.Build.0 = Debug|Any CPU
		{7C4CAC38-FCB9-44A9-B322-9DD0FCF404CD}.Release|Any CPU.ActiveCfg = Release|Any CPU
		{7C4CAC38-FCB9-44A9-B322-9DD0FCF404CD}.Release|Any CPU.Build.0 = Release|Any CPU
	EndGlobalSection
	GlobalSection(SolutionProperties) = preSolution
		HideSolutionNode = FALSE
	EndGlobalSection
	GlobalSection(ExtensibilityGlobals) = postSolution
		SolutionGuid = {83570C11-C92F-479E-8A48-1AB954A487E5}
	EndGlobalSection
EndGlobal
